
Microsoft Visual Studio Solution File, Format Version 12.00
# Visual Studio 14
VisualStudioVersion = 14.0.23107.0
MinimumVisualStudioVersion = 10.0.40219.1
Project("{FAE04EC0-301F-11D3-BF4B-00C04F79EFBC}") = "TennisScoring", "TennisScoring\TennisScoring.csproj", "{221C831B-5E7B-4036-BF9D-8BB87C312626}"
EndProject
Project("{FAE04EC0-301F-11D3-BF4B-00C04F79EFBC}") = "TennisScoring.Tests", "TennisScoring.Tests\TennisScoring.Tests.csproj", "{23ACBF28-4F40-467A-9729-2962EB23AFB3}"
EndProject
Project("{FAE04EC0-301F-11D3-BF4B-00C04F79EFBC}") = "Resources", "Resources\Resources.csproj", "{173B7A1F-734D-4684-9DCD-1A4116B65604}"
EndProject
Global
	GlobalSection(SolutionConfigurationPlatforms) = preSolution
		Debug|Any CPU = Debug|Any CPU
		Release|Any CPU = Release|Any CPU
	EndGlobalSection
	GlobalSection(ProjectConfigurationPlatforms) = postSolution
		{221C831B-5E7B-4036-BF9D-8BB87C312626}.Debug|Any CPU.ActiveCfg = Debug|Any CPU
		{221C831B-5E7B-4036-BF9D-8BB87C312626}.Debug|Any CPU.Build.0 = Debug|Any CPU
		{221C831B-5E7B-4036-BF9D-8BB87C312626}.Release|Any CPU.ActiveCfg = Release|Any CPU
		{221C831B-5E7B-4036-BF9D-8BB87C312626}.Release|Any CPU.Build.0 = Release|Any CPU
		{23ACBF28-4F40-467A-9729-2962EB23AFB3}.Debug|Any CPU.ActiveCfg = Debug|Any CPU
		{23ACBF28-4F40-467A-9729-2962EB23AFB3}.Debug|Any CPU.Build.0 = Debug|Any CPU
		{23ACBF28-4F40-467A-9729-2962EB23AFB3}.Release|Any CPU.ActiveCfg = Release|Any CPU
		{23ACBF28-4F40-467A-9729-2962EB23AFB3}.Release|Any CPU.Build.0 = Release|Any CPU
		{173B7A1F-734D-4684-9DCD-1A4116B65604}.Debug|Any CPU.ActiveCfg = Debug|Any CPU
		{173B7A1F-734D-4684-9DCD-1A4116B65604}.Debug|Any CPU.Build.0 = Debug|Any CPU
		{173B7A1F-734D-4684-9DCD-1A4116B65604}.Release|Any CPU.ActiveCfg = Release|Any CPU
		{173B7A1F-734D-4684-9DCD-1A4116B65604}.Release|Any CPU.Build.0 = Release|Any CPU
	EndGlobalSection
	GlobalSection(SolutionProperties) = preSolution
		HideSolutionNode = FALSE
	EndGlobalSection
EndGlobal
